
Microsoft Visual Studio Solution File, Format Version 12.00
# Visual Studio Version 17
VisualStudioVersion = 17.0.31903.59
MinimumVisualStudioVersion = 10.0.40219.1
Project("{FAE04EC0-301F-11D3-BF4B-00C04F79EFBC}") = "Confab.Bootstrapper", "src\Bootstrapper\Confab.Bootstrapper\Confab.Bootstrapper.csproj", "{0A752635-78F0-416F-8180-80906704CBC6}"
EndProject
Project("{2150E333-8FDC-42A3-9474-1A3956D46DE8}") = "src", "src", "{4D988E45-28B4-41FC-8C4D-800149CC19CC}"
EndProject
Project("{2150E333-8FDC-42A3-9474-1A3956D46DE8}") = "tests", "tests", "{23201A63-F7D2-47E8-9269-53E5593B18F4}"
EndProject
Project("{2150E333-8FDC-42A3-9474-1A3956D46DE8}") = "Bootstrapper", "Bootstrapper", "{47A95D17-0824-4940-A54E-028FFF8D3E70}"
EndProject
Project("{2150E333-8FDC-42A3-9474-1A3956D46DE8}") = "Modules", "Modules", "{F1106BE8-7E27-4F8D-B0EE-CC9C92133733}"
EndProject
Project("{2150E333-8FDC-42A3-9474-1A3956D46DE8}") = "Shared", "Shared", "{446E9038-CF4A-4124-94E8-1BEF5AD50C68}"
EndProject
Project("{FAE04EC0-301F-11D3-BF4B-00C04F79EFBC}") = "Confab.Shared.Abstractions", "src\Shared\Confab.Shared.Abstractions\Confab.Shared.Abstractions.csproj", "{50F74D9C-C7B8-426E-8546-5310359043A4}"
EndProject
Project("{FAE04EC0-301F-11D3-BF4B-00C04F79EFBC}") = "Confab.Shared.Infrastructure", "src\Shared\Confab.Shared.Infrastructure\Confab.Shared.Infrastructure.csproj", "{F9B2345B-47B0-412B-8410-9BC2FBC947A9}"
EndProject
Project("{FAE04EC0-301F-11D3-BF4B-00C04F79EFBC}") = "Confab.Modules.Conferences.Api", "src\Modules\Conferences\Confab.Modules.Conferences.Api\Confab.Modules.Conferences.Api.csproj", "{0CF18899-65D0-4E92-9580-26BFBC2AF3BC}"
EndProject
Project("{2150E333-8FDC-42A3-9474-1A3956D46DE8}") = "Conferences", "Conferences", "{DE453FDE-5622-4A4D-ABDD-33F7A8534BD8}"
EndProject
Project("{FAE04EC0-301F-11D3-BF4B-00C04F79EFBC}") = "Confab.Modules.Conferences.Core", "src\Modules\Conferences\Confab.Modules.Conferences.Core\Confab.Modules.Conferences.Core.csproj", "{263A49F8-859F-484E-9810-4C58F0652871}"
EndProject
Project("{2150E333-8FDC-42A3-9474-1A3956D46DE8}") = "Speakers", "Speakers", "{4F8C8136-558B-4A07-88D5-9B1D3F11B9A9}"
EndProject
Project("{FAE04EC0-301F-11D3-BF4B-00C04F79EFBC}") = "Confab.Modules.Speakers.Api", "src\Modules\Speakers\Confab.Modules.Speakers.Api\Confab.Modules.Speakers.Api.csproj", "{90DE4C83-579A-491D-AA04-8CD725676566}"
EndProject
Project("{FAE04EC0-301F-11D3-BF4B-00C04F79EFBC}") = "Confab.Modules.Speakers.Core", "src\Modules\Speakers\Confab.Modules.Speakers.Core\Confab.Modules.Speakers.Core.csproj", "{A62722BA-FFC3-46CC-89AC-7ADD4459D017}"
EndProject
Project("{2150E333-8FDC-42A3-9474-1A3956D46DE8}") = "Users", "Users", "{6BF79D96-85EE-4990-AA25-64B1471C1CC6}"
EndProject
Project("{FAE04EC0-301F-11D3-BF4B-00C04F79EFBC}") = "Confab.Modules.Users.Api", "src\Modules\Users\Confab.Modules.Users.Api\Confab.Modules.Users.Api.csproj", "{32C23B9E-381D-4E35-9321-3975BEBB7806}"
EndProject
Project("{FAE04EC0-301F-11D3-BF4B-00C04F79EFBC}") = "Confab.Modules.Users.Core", "src\Modules\Users\Confab.Modules.Users.Core\Confab.Modules.Users.Core.csproj", "{CFDF2C09-DC51-4BD2-82FC-38394C4E85BE}"
EndProject
Project("{2150E333-8FDC-42A3-9474-1A3956D46DE8}") = "Tickets", "Tickets", "{F0FADD58-3500-424D-8CD6-81A915B1F63B}"
EndProject
Project("{FAE04EC0-301F-11D3-BF4B-00C04F79EFBC}") = "Confab.Modules.Tickets.Api", "src\Modules\Tickets\Confab.Modules.Tickets.Api\Confab.Modules.Tickets.Api.csproj", "{33EE07E8-3835-4509-869B-AC5869E6975E}"
EndProject
Project("{FAE04EC0-301F-11D3-BF4B-00C04F79EFBC}") = "Confab.Modules.Tickets.Core", "src\Modules\Tickets\Confab.Modules.Tickets.Core\Confab.Modules.Tickets.Core.csproj", "{A44CF06C-E284-448B-A8E2-C5BEB8105DE1}"
EndProject
Project("{FAE04EC0-301F-11D3-BF4B-00C04F79EFBC}") = "Confab.Modules.Conferences.Messages", "src\Modules\Conferences\Confab.Modules.Conferences.Messages\Confab.Modules.Conferences.Messages.csproj", "{089ED6E6-5507-48F1-9408-42DE674914AE}"
EndProject
Project("{2150E333-8FDC-42A3-9474-1A3956D46DE8}") = "Agendas", "Agendas", "{1461741C-C26A-487F-BDD8-7FB6B1E2376B}"
EndProject
Project("{FAE04EC0-301F-11D3-BF4B-00C04F79EFBC}") = "Confab.Modules.Agendas.Domain", "src\Modules\Agendas\Confab.Modules.Agendas.Domain\Confab.Modules.Agendas.Domain.csproj", "{93348B0A-8C06-4D58-BA6A-80D07DAA1A1E}"
EndProject
Project("{FAE04EC0-301F-11D3-BF4B-00C04F79EFBC}") = "Confab.Modules.Agendas.Application", "src\Modules\Agendas\Confab.Modules.Agendas.Application\Confab.Modules.Agendas.Application.csproj", "{16A9FFFB-84FB-40D1-BCE9-3FEF682BCC50}"
EndProject
Project("{FAE04EC0-301F-11D3-BF4B-00C04F79EFBC}") = "Confab.Modules.Agendas.Infrastructure", "src\Modules\Agendas\Confab.Modules.Agendas.Infrastructure\Confab.Modules.Agendas.Infrastructure.csproj", "{CF727A97-DFFD-4A01-986C-F76309BF7350}"
EndProject
Project("{FAE04EC0-301F-11D3-BF4B-00C04F79EFBC}") = "Confab.Modules.Agendas.Api", "src\Modules\Agendas\Confab.Modules.Agendas.Api\Confab.Modules.Agendas.Api.csproj", "{2702470C-D326-4993-80E2-4ABC7FD756A6}"
EndProject
Global
	GlobalSection(SolutionConfigurationPlatforms) = preSolution
		Debug|Any CPU = Debug|Any CPU
		Release|Any CPU = Release|Any CPU
	EndGlobalSection
	GlobalSection(SolutionProperties) = preSolution
		HideSolutionNode = FALSE
	EndGlobalSection
	GlobalSection(ProjectConfigurationPlatforms) = postSolution
		{0A752635-78F0-416F-8180-80906704CBC6}.Debug|Any CPU.ActiveCfg = Debug|Any CPU
		{0A752635-78F0-416F-8180-80906704CBC6}.Debug|Any CPU.Build.0 = Debug|Any CPU
		{0A752635-78F0-416F-8180-80906704CBC6}.Release|Any CPU.ActiveCfg = Release|Any CPU
		{0A752635-78F0-416F-8180-80906704CBC6}.Release|Any CPU.Build.0 = Release|Any CPU
		{50F74D9C-C7B8-426E-8546-5310359043A4}.Debug|Any CPU.ActiveCfg = Debug|Any CPU
		{50F74D9C-C7B8-426E-8546-5310359043A4}.Debug|Any CPU.Build.0 = Debug|Any CPU
		{50F74D9C-C7B8-426E-8546-5310359043A4}.Release|Any CPU.ActiveCfg = Release|Any CPU
		{50F74D9C-C7B8-426E-8546-5310359043A4}.Release|Any CPU.Build.0 = Release|Any CPU
		{F9B2345B-47B0-412B-8410-9BC2FBC947A9}.Debug|Any CPU.ActiveCfg = Debug|Any CPU
		{F9B2345B-47B0-412B-8410-9BC2FBC947A9}.Debug|Any CPU.Build.0 = Debug|Any CPU
		{F9B2345B-47B0-412B-8410-9BC2FBC947A9}.Release|Any CPU.ActiveCfg = Release|Any CPU
		{F9B2345B-47B0-412B-8410-9BC2FBC947A9}.Release|Any CPU.Build.0 = Release|Any CPU
		{0CF18899-65D0-4E92-9580-26BFBC2AF3BC}.Debug|Any CPU.ActiveCfg = Debug|Any CPU
		{0CF18899-65D0-4E92-9580-26BFBC2AF3BC}.Debug|Any CPU.Build.0 = Debug|Any CPU
		{0CF18899-65D0-4E92-9580-26BFBC2AF3BC}.Release|Any CPU.ActiveCfg = Release|Any CPU
		{0CF18899-65D0-4E92-9580-26BFBC2AF3BC}.Release|Any CPU.Build.0 = Release|Any CPU
		{263A49F8-859F-484E-9810-4C58F0652871}.Debug|Any CPU.ActiveCfg = Debug|Any CPU
		{263A49F8-859F-484E-9810-4C58F0652871}.Debug|Any CPU.Build.0 = Debug|Any CPU
		{263A49F8-859F-484E-9810-4C58F0652871}.Release|Any CPU.ActiveCfg = Release|Any CPU
		{263A49F8-859F-484E-9810-4C58F0652871}.Release|Any CPU.Build.0 = Release|Any CPU
		{90DE4C83-579A-491D-AA04-8CD725676566}.Debug|Any CPU.ActiveCfg = Debug|Any CPU
		{90DE4C83-579A-491D-AA04-8CD725676566}.Debug|Any CPU.Build.0 = Debug|Any CPU
		{90DE4C83-579A-491D-AA04-8CD725676566}.Release|Any CPU.ActiveCfg = Release|Any CPU
		{90DE4C83-579A-491D-AA04-8CD725676566}.Release|Any CPU.Build.0 = Release|Any CPU
		{A62722BA-FFC3-46CC-89AC-7ADD4459D017}.Debug|Any CPU.ActiveCfg = Debug|Any CPU
		{A62722BA-FFC3-46CC-89AC-7ADD4459D017}.Debug|Any CPU.Build.0 = Debug|Any CPU
		{A62722BA-FFC3-46CC-89AC-7ADD4459D017}.Release|Any CPU.ActiveCfg = Release|Any CPU
		{A62722BA-FFC3-46CC-89AC-7ADD4459D017}.Release|Any CPU.Build.0 = Release|Any CPU
		{32C23B9E-381D-4E35-9321-3975BEBB7806}.Debug|Any CPU.ActiveCfg = Debug|Any CPU
		{32C23B9E-381D-4E35-9321-3975BEBB7806}.Debug|Any CPU.Build.0 = Debug|Any CPU
		{32C23B9E-381D-4E35-9321-3975BEBB7806}.Release|Any CPU.ActiveCfg = Release|Any CPU
		{32C23B9E-381D-4E35-9321-3975BEBB7806}.Release|Any CPU.Build.0 = Release|Any CPU
		{CFDF2C09-DC51-4BD2-82FC-38394C4E85BE}.Debug|Any CPU.ActiveCfg = Debug|Any CPU
		{CFDF2C09-DC51-4BD2-82FC-38394C4E85BE}.Debug|Any CPU.Build.0 = Debug|Any CPU
		{CFDF2C09-DC51-4BD2-82FC-38394C4E85BE}.Release|Any CPU.ActiveCfg = Release|Any CPU
		{CFDF2C09-DC51-4BD2-82FC-38394C4E85BE}.Release|Any CPU.Build.0 = Release|Any CPU
		{33EE07E8-3835-4509-869B-AC5869E6975E}.Debug|Any CPU.ActiveCfg = Debug|Any CPU
		{33EE07E8-3835-4509-869B-AC5869E6975E}.Debug|Any CPU.Build.0 = Debug|Any CPU
		{33EE07E8-3835-4509-869B-AC5869E6975E}.Release|Any CPU.ActiveCfg = Release|Any CPU
		{33EE07E8-3835-4509-869B-AC5869E6975E}.Release|Any CPU.Build.0 = Release|Any CPU
		{A44CF06C-E284-448B-A8E2-C5BEB8105DE1}.Debug|Any CPU.ActiveCfg = Debug|Any CPU
		{A44CF06C-E284-448B-A8E2-C5BEB8105DE1}.Debug|Any CPU.Build.0 = Debug|Any CPU
		{A44CF06C-E284-448B-A8E2-C5BEB8105DE1}.Release|Any CPU.ActiveCfg = Release|Any CPU
		{A44CF06C-E284-448B-A8E2-C5BEB8105DE1}.Release|Any CPU.Build.0 = Release|Any CPU
		{089ED6E6-5507-48F1-9408-42DE674914AE}.Debug|Any CPU.ActiveCfg = Debug|Any CPU
		{089ED6E6-5507-48F1-9408-42DE674914AE}.Debug|Any CPU.Build.0 = Debug|Any CPU
		{089ED6E6-5507-48F1-9408-42DE674914AE}.Release|Any CPU.ActiveCfg = Release|Any CPU
		{089ED6E6-5507-48F1-9408-42DE674914AE}.Release|Any CPU.Build.0 = Release|Any CPU
		{93348B0A-8C06-4D58-BA6A-80D07DAA1A1E}.Debug|Any CPU.ActiveCfg = Debug|Any CPU
		{93348B0A-8C06-4D58-BA6A-80D07DAA1A1E}.Debug|Any CPU.Build.0 = Debug|Any CPU
		{93348B0A-8C06-4D58-BA6A-80D07DAA1A1E}.Release|Any CPU.ActiveCfg = Release|Any CPU
		{93348B0A-8C06-4D58-BA6A-80D07DAA1A1E}.Release|Any CPU.Build.0 = Release|Any CPU
		{16A9FFFB-84FB-40D1-BCE9-3FEF682BCC50}.Debug|Any CPU.ActiveCfg = Debug|Any CPU
		{16A9FFFB-84FB-40D1-BCE9-3FEF682BCC50}.Debug|Any CPU.Build.0 = Debug|Any CPU
		{16A9FFFB-84FB-40D1-BCE9-3FEF682BCC50}.Release|Any CPU.ActiveCfg = Release|Any CPU
		{16A9FFFB-84FB-40D1-BCE9-3FEF682BCC50}.Release|Any CPU.Build.0 = Release|Any CPU
		{CF727A97-DFFD-4A01-986C-F76309BF7350}.Debug|Any CPU.ActiveCfg = Debug|Any CPU
		{CF727A97-DFFD-4A01-986C-F76309BF7350}.Debug|Any CPU.Build.0 = Debug|Any CPU
		{CF727A97-DFFD-4A01-986C-F76309BF7350}.Release|Any CPU.ActiveCfg = Release|Any CPU
		{CF727A97-DFFD-4A01-986C-F76309BF7350}.Release|Any CPU.Build.0 = Release|Any CPU
		{2702470C-D326-4993-80E2-4ABC7FD756A6}.Debug|Any CPU.ActiveCfg = Debug|Any CPU
		{2702470C-D326-4993-80E2-4ABC7FD756A6}.Debug|Any CPU.Build.0 = Debug|Any CPU
		{2702470C-D326-4993-80E2-4ABC7FD756A6}.Release|Any CPU.ActiveCfg = Release|Any CPU
		{2702470C-D326-4993-80E2-4ABC7FD756A6}.Release|Any CPU.Build.0 = Release|Any CPU
	EndGlobalSection
	GlobalSection(NestedProjects) = preSolution
		{47A95D17-0824-4940-A54E-028FFF8D3E70} = {4D988E45-28B4-41FC-8C4D-800149CC19CC}
		{F1106BE8-7E27-4F8D-B0EE-CC9C92133733} = {4D988E45-28B4-41FC-8C4D-800149CC19CC}
		{446E9038-CF4A-4124-94E8-1BEF5AD50C68} = {4D988E45-28B4-41FC-8C4D-800149CC19CC}
		{0A752635-78F0-416F-8180-80906704CBC6} = {47A95D17-0824-4940-A54E-028FFF8D3E70}
		{50F74D9C-C7B8-426E-8546-5310359043A4} = {446E9038-CF4A-4124-94E8-1BEF5AD50C68}
		{F9B2345B-47B0-412B-8410-9BC2FBC947A9} = {446E9038-CF4A-4124-94E8-1BEF5AD50C68}
		{DE453FDE-5622-4A4D-ABDD-33F7A8534BD8} = {F1106BE8-7E27-4F8D-B0EE-CC9C92133733}
		{0CF18899-65D0-4E92-9580-26BFBC2AF3BC} = {DE453FDE-5622-4A4D-ABDD-33F7A8534BD8}
		{263A49F8-859F-484E-9810-4C58F0652871} = {DE453FDE-5622-4A4D-ABDD-33F7A8534BD8}
		{4F8C8136-558B-4A07-88D5-9B1D3F11B9A9} = {F1106BE8-7E27-4F8D-B0EE-CC9C92133733}
		{90DE4C83-579A-491D-AA04-8CD725676566} = {4F8C8136-558B-4A07-88D5-9B1D3F11B9A9}
		{A62722BA-FFC3-46CC-89AC-7ADD4459D017} = {4F8C8136-558B-4A07-88D5-9B1D3F11B9A9}
		{6BF79D96-85EE-4990-AA25-64B1471C1CC6} = {F1106BE8-7E27-4F8D-B0EE-CC9C92133733}
		{32C23B9E-381D-4E35-9321-3975BEBB7806} = {6BF79D96-85EE-4990-AA25-64B1471C1CC6}
		{CFDF2C09-DC51-4BD2-82FC-38394C4E85BE} = {6BF79D96-85EE-4990-AA25-64B1471C1CC6}
		{F0FADD58-3500-424D-8CD6-81A915B1F63B} = {F1106BE8-7E27-4F8D-B0EE-CC9C92133733}
		{33EE07E8-3835-4509-869B-AC5869E6975E} = {F0FADD58-3500-424D-8CD6-81A915B1F63B}
		{A44CF06C-E284-448B-A8E2-C5BEB8105DE1} = {F0FADD58-3500-424D-8CD6-81A915B1F63B}
		{089ED6E6-5507-48F1-9408-42DE674914AE} = {DE453FDE-5622-4A4D-ABDD-33F7A8534BD8}
		{1461741C-C26A-487F-BDD8-7FB6B1E2376B} = {F1106BE8-7E27-4F8D-B0EE-CC9C92133733}
		{93348B0A-8C06-4D58-BA6A-80D07DAA1A1E} = {1461741C-C26A-487F-BDD8-7FB6B1E2376B}
		{16A9FFFB-84FB-40D1-BCE9-3FEF682BCC50} = {1461741C-C26A-487F-BDD8-7FB6B1E2376B}
		{CF727A97-DFFD-4A01-986C-F76309BF7350} = {1461741C-C26A-487F-BDD8-7FB6B1E2376B}
		{2702470C-D326-4993-80E2-4ABC7FD756A6} = {1461741C-C26A-487F-BDD8-7FB6B1E2376B}
	EndGlobalSection
EndGlobal
